
Microsoft Visual Studio Solution File, Format Version 12.00
# Visual Studio 15
VisualStudioVersion = 15.0.28307.421
MinimumVisualStudioVersion = 10.0.40219.1
Project("{FAE04EC0-301F-11D3-BF4B-00C04F79EFBC}") = "XamarinJson.Android", "XamarinJson\XamarinJson.Android\XamarinJson.Android.csproj", "{B2B02D09-4BE9-4F46-AEE5-C80DF545B93F}"
EndProject
Project("{FAE04EC0-301F-11D3-BF4B-00C04F79EFBC}") = "XamarinJson.iOS", "XamarinJson\XamarinJson.iOS\XamarinJson.iOS.csproj", "{E1E1DFC2-B979-49E4-A02F-50D7B0AED62D}"
EndProject
Project("{9A19103F-16F7-4668-BE54-9A1E7A4F7556}") = "XamarinJson", "XamarinJson\XamarinJson\XamarinJson.csproj", "{5EABB6E4-A856-458F-80CA-FFFFC214A148}"
EndProject
Global
	GlobalSection(SolutionConfigurationPlatforms) = preSolution
		Ad-Hoc|Any CPU = Ad-Hoc|Any CPU
		Ad-Hoc|iPhone = Ad-Hoc|iPhone
		Ad-Hoc|iPhoneSimulator = Ad-Hoc|iPhoneSimulator
		AppStore|Any CPU = AppStore|Any CPU
		AppStore|iPhone = AppStore|iPhone
		AppStore|iPhoneSimulator = AppStore|iPhoneSimulator
		Debug|Any CPU = Debug|Any CPU
		Debug|iPhone = Debug|iPhone
		Debug|iPhoneSimulator = Debug|iPhoneSimulator
		Release|Any CPU = Release|Any CPU
		Release|iPhone = Release|iPhone
		Release|iPhoneSimulator = Release|iPhoneSimulator
	EndGlobalSection
	GlobalSection(ProjectConfigurationPlatforms) = postSolution
		{B2B02D09-4BE9-4F46-AEE5-C80DF545B93F}.Ad-Hoc|Any CPU.ActiveCfg = Release|Any CPU
		{B2B02D09-4BE9-4F46-AEE5-C80DF545B93F}.Ad-Hoc|Any CPU.Build.0 = Release|Any CPU
		{B2B02D09-4BE9-4F46-AEE5-C80DF545B93F}.Ad-Hoc|Any CPU.Deploy.0 = Release|Any CPU
		{B2B02D09-4BE9-4F46-AEE5-C80DF545B93F}.Ad-Hoc|iPhone.ActiveCfg = Release|Any CPU
		{B2B02D09-4BE9-4F46-AEE5-C80DF545B93F}.Ad-Hoc|iPhone.Build.0 = Release|Any CPU
		{B2B02D09-4BE9-4F46-AEE5-C80DF545B93F}.Ad-Hoc|iPhone.Deploy.0 = Release|Any CPU
		{B2B02D09-4BE9-4F46-AEE5-C80DF545B93F}.Ad-Hoc|iPhoneSimulator.ActiveCfg = Release|Any CPU
		{B2B02D09-4BE9-4F46-AEE5-C80DF545B93F}.Ad-Hoc|iPhoneSimulator.Build.0 = Release|Any CPU
		{B2B02D09-4BE9-4F46-AEE5-C80DF545B93F}.Ad-Hoc|iPhoneSimulator.Deploy.0 = Release|Any CPU
		{B2B02D09-4BE9-4F46-AEE5-C80DF545B93F}.AppStore|Any CPU.ActiveCfg = Release|Any CPU
		{B2B02D09-4BE9-4F46-AEE5-C80DF545B93F}.AppStore|Any CPU.Build.0 = Release|Any CPU
		{B2B02D09-4BE9-4F46-AEE5-C80DF545B93F}.AppStore|Any CPU.Deploy.0 = Release|Any CPU
		{B2B02D09-4BE9-4F46-AEE5-C80DF545B93F}.AppStore|iPhone.ActiveCfg = Release|Any CPU
		{B2B02D09-4BE9-4F46-AEE5-C80DF545B93F}.AppStore|iPhone.Build.0 = Release|Any CPU
		{B2B02D09-4BE9-4F46-AEE5-C80DF545B93F}.AppStore|iPhone.Deploy.0 = Release|Any CPU
		{B2B02D09-4BE9-4F46-AEE5-C80DF545B93F}.AppStore|iPhoneSimulator.ActiveCfg = Release|Any CPU
		{B2B02D09-4BE9-4F46-AEE5-C80DF545B93F}.AppStore|iPhoneSimulator.Build.0 = Release|Any CPU
		{B2B02D09-4BE9-4F46-AEE5-C80DF545B93F}.AppStore|iPhoneSimulator.Deploy.0 = Release|Any CPU
		{B2B02D09-4BE9-4F46-AEE5-C80DF545B93F}.Debug|Any CPU.ActiveCfg = Debug|Any CPU
		{B2B02D09-4BE9-4F46-AEE5-C80DF545B93F}.Debug|Any CPU.Build.0 = Debug|Any CPU
		{B2B02D09-4BE9-4F46-AEE5-C80DF545B93F}.Debug|Any CPU.Deploy.0 = Debug|Any CPU
		{B2B02D09-4BE9-4F46-AEE5-C80DF545B93F}.Debug|iPhone.ActiveCfg = Debug|Any CPU
		{B2B02D09-4BE9-4F46-AEE5-C80DF545B93F}.Debug|iPhone.Build.0 = Debug|Any CPU
		{B2B02D09-4BE9-4F46-AEE5-C80DF545B93F}.Debug|iPhone.Deploy.0 = Debug|Any CPU
		{B2B02D09-4BE9-4F46-AEE5-C80DF545B93F}.Debug|iPhoneSimulator.ActiveCfg = Debug|Any CPU
		{B2B02D09-4BE9-4F46-AEE5-C80DF545B93F}.Debug|iPhoneSimulator.Build.0 = Debug|Any CPU
		{B2B02D09-4BE9-4F46-AEE5-C80DF545B93F}.Debug|iPhoneSimulator.Deploy.0 = Debug|Any CPU
		{B2B02D09-4BE9-4F46-AEE5-C80DF545B93F}.Release|Any CPU.ActiveCfg = Release|Any CPU
		{B2B02D09-4BE9-4F46-AEE5-C80DF545B93F}.Release|Any CPU.Build.0 = Release|Any CPU
		{B2B02D09-4BE9-4F46-AEE5-C80DF545B93F}.Release|Any CPU.Deploy.0 = Release|Any CPU
		{B2B02D09-4BE9-4F46-AEE5-C80DF545B93F}.Release|iPhone.ActiveCfg = Release|Any CPU
		{B2B02D09-4BE9-4F46-AEE5-C80DF545B93F}.Release|iPhone.Build.0 = Release|Any CPU
		{B2B02D09-4BE9-4F46-AEE5-C80DF545B93F}.Release|iPhone.Deploy.0 = Release|Any CPU
		{B2B02D09-4BE9-4F46-AEE5-C80DF545B93F}.Release|iPhoneSimulator.ActiveCfg = Release|Any CPU
		{B2B02D09-4BE9-4F46-AEE5-C80DF545B93F}.Release|iPhoneSimulator.Build.0 = Release|Any CPU
		{B2B02D09-4BE9-4F46-AEE5-C80DF545B93F}.Release|iPhoneSimulator.Deploy.0 = Release|Any CPU
		{E1E1DFC2-B979-49E4-A02F-50D7B0AED62D}.Ad-Hoc|Any CPU.ActiveCfg = Ad-Hoc|iPhone
		{E1E1DFC2-B979-49E4-A02F-50D7B0AED62D}.Ad-Hoc|Any CPU.Build.0 = Ad-Hoc|iPhone
		{E1E1DFC2-B979-49E4-A02F-50D7B0AED62D}.Ad-Hoc|Any CPU.Deploy.0 = Ad-Hoc|iPhone
		{E1E1DFC2-B979-49E4-A02F-50D7B0AED62D}.Ad-Hoc|iPhone.ActiveCfg = Ad-Hoc|iPhone
		{E1E1DFC2-B979-49E4-A02F-50D7B0AED62D}.Ad-Hoc|iPhone.Build.0 = Ad-Hoc|iPhone
		{E1E1DFC2-B979-49E4-A02F-50D7B0AED62D}.Ad-Hoc|iPhone.Deploy.0 = Ad-Hoc|iPhone
		{E1E1DFC2-B979-49E4-A02F-50D7B0AED62D}.Ad-Hoc|iPhoneSimulator.ActiveCfg = Ad-Hoc|iPhoneSimulator
		{E1E1DFC2-B979-49E4-A02F-50D7B0AED62D}.Ad-Hoc|iPhoneSimulator.Build.0 = Ad-Hoc|iPhoneSimulator
		{E1E1DFC2-B979-49E4-A02F-50D7B0AED62D}.Ad-Hoc|iPhoneSimulator.Deploy.0 = Ad-Hoc|iPhoneSimulator
		{E1E1DFC2-B979-49E4-A02F-50D7B0AED62D}.AppStore|Any CPU.ActiveCfg = AppStore|iPhone
		{E1E1DFC2-B979-49E4-A02F-50D7B0AED62D}.AppStore|Any CPU.Build.0 = AppStore|iPhone
		{E1E1DFC2-B979-49E4-A02F-50D7B0AED62D}.AppStore|Any CPU.Deploy.0 = AppStore|iPhone
		{E1E1DFC2-B979-49E4-A02F-50D7B0AED62D}.AppStore|iPhone.ActiveCfg = AppStore|iPhone
		{E1E1DFC2-B979-49E4-A02F-50D7B0AED62D}.AppStore|iPhone.Build.0 = AppStore|iPhone
		{E1E1DFC2-B979-49E4-A02F-50D7B0AED62D}.AppStore|iPhone.Deploy.0 = AppStore|iPhone
		{E1E1DFC2-B979-49E4-A02F-50D7B0AED62D}.AppStore|iPhoneSimulator.ActiveCfg = AppStore|iPhoneSimulator
		{E1E1DFC2-B979-49E4-A02F-50D7B0AED62D}.AppStore|iPhoneSimulator.Build.0 = AppStore|iPhoneSimulator
		{E1E1DFC2-B979-49E4-A02F-50D7B0AED62D}.AppStore|iPhoneSimulator.Deploy.0 = AppStore|iPhoneSimulator
		{E1E1DFC2-B979-49E4-A02F-50D7B0AED62D}.Debug|Any CPU.ActiveCfg = Debug|iPhoneSimulator
		{E1E1DFC2-B979-49E4-A02F-50D7B0AED62D}.Debug|Any CPU.Build.0 = Debug|iPhoneSimulator
		{E1E1DFC2-B979-49E4-A02F-50D7B0AED62D}.Debug|Any CPU.Deploy.0 = Debug|iPhoneSimulator
		{E1E1DFC2-B979-49E4-A02F-50D7B0AED62D}.Debug|iPhone.ActiveCfg = Debug|iPhone
		{E1E1DFC2-B979-49E4-A02F-50D7B0AED62D}.Debug|iPhone.Build.0 = Debug|iPhone
		{E1E1DFC2-B979-49E4-A02F-50D7B0AED62D}.Debug|iPhone.Deploy.0 = Debug|iPhone
		{E1E1DFC2-B979-49E4-A02F-50D7B0AED62D}.Debug|iPhoneSimulator.ActiveCfg = Debug|iPhoneSimulator
		{E1E1DFC2-B979-49E4-A02F-50D7B0AED62D}.Debug|iPhoneSimulator.Build.0 = Debug|iPhoneSimulator
		{E1E1DFC2-B979-49E4-A02F-50D7B0AED62D}.Debug|iPhoneSimulator.Deploy.0 = Debug|iPhoneSimulator
		{E1E1DFC2-B979-49E4-A02F-50D7B0AED62D}.Release|Any CPU.ActiveCfg = Release|iPhone
		{E1E1DFC2-B979-49E4-A02F-50D7B0AED62D}.Release|Any CPU.Build.0 = Release|iPhone
		{E1E1DFC2-B979-49E4-A02F-50D7B0AED62D}.Release|Any CPU.Deploy.0 = Release|iPhone
		{E1E1DFC2-B979-49E4-A02F-50D7B0AED62D}.Release|iPhone.ActiveCfg = Release|iPhone
		{E1E1DFC2-B979-49E4-A02F-50D7B0AED62D}.Release|iPhone.Build.0 = Release|iPhone
		{E1E1DFC2-B979-49E4-A02F-50D7B0AED62D}.Release|iPhone.Deploy.0 = Release|iPhone
		{E1E1DFC2-B979-49E4-A02F-50D7B0AED62D}.Release|iPhoneSimulator.ActiveCfg = Release|iPhoneSimulator
		{E1E1DFC2-B979-49E4-A02F-50D7B0AED62D}.Release|iPhoneSimulator.Build.0 = Release|iPhoneSimulator
		{E1E1DFC2-B979-49E4-A02F-50D7B0AED62D}.Release|iPhoneSimulator.Deploy.0 = Release|iPhoneSimulator
		{5EABB6E4-A856-458F-80CA-FFFFC214A148}.Ad-Hoc|Any CPU.ActiveCfg = Debug|Any CPU
		{5EABB6E4-A856-458F-80CA-FFFFC214A148}.Ad-Hoc|Any CPU.Build.0 = Debug|Any CPU
		{5EABB6E4-A856-458F-80CA-FFFFC214A148}.Ad-Hoc|Any CPU.Deploy.0 = Debug|Any CPU
		{5EABB6E4-A856-458F-80CA-FFFFC214A148}.Ad-Hoc|iPhone.ActiveCfg = Debug|Any CPU
		{5EABB6E4-A856-458F-80CA-FFFFC214A148}.Ad-Hoc|iPhone.Build.0 = Debug|Any CPU
		{5EABB6E4-A856-458F-80CA-FFFFC214A148}.Ad-Hoc|iPhone.Deploy.0 = Debug|Any CPU
		{5EABB6E4-A856-458F-80CA-FFFFC214A148}.Ad-Hoc|iPhoneSimulator.ActiveCfg = Debug|Any CPU
		{5EABB6E4-A856-458F-80CA-FFFFC214A148}.Ad-Hoc|iPhoneSimulator.Build.0 = Debug|Any CPU
		{5EABB6E4-A856-458F-80CA-FFFFC214A148}.Ad-Hoc|iPhoneSimulator.Deploy.0 = Debug|Any CPU
		{5EABB6E4-A856-458F-80CA-FFFFC214A148}.AppStore|Any CPU.ActiveCfg = Debug|Any CPU
		{5EABB6E4-A856-458F-80CA-FFFFC214A148}.AppStore|Any CPU.Build.0 = Debug|Any CPU
		{5EABB6E4-A856-458F-80CA-FFFFC214A148}.AppStore|Any CPU.Deploy.0 = Debug|Any CPU
		{5EABB6E4-A856-458F-80CA-FFFFC214A148}.AppStore|iPhone.ActiveCfg = Debug|Any CPU
		{5EABB6E4-A856-458F-80CA-FFFFC214A148}.AppStore|iPhone.Build.0 = Debug|Any CPU
		{5EABB6E4-A856-458F-80CA-FFFFC214A148}.AppStore|iPhone.Deploy.0 = Debug|Any CPU
		{5EABB6E4-A856-458F-80CA-FFFFC214A148}.AppStore|iPhoneSimulator.ActiveCfg = Debug|Any CPU
		{5EABB6E4-A856-458F-80CA-FFFFC214A148}.AppStore|iPhoneSimulator.Build.0 = Debug|Any CPU
		{5EABB6E4-A856-458F-80CA-FFFFC214A148}.AppStore|iPhoneSimulator.Deploy.0 = Debug|Any CPU
		{5EABB6E4-A856-458F-80CA-FFFFC214A148}.Debug|Any CPU.ActiveCfg = Debug|Any CPU
		{5EABB6E4-A856-458F-80CA-FFFFC214A148}.Debug|Any CPU.Build.0 = Debug|Any CPU
		{5EABB6E4-A856-458F-80CA-FFFFC214A148}.Debug|Any CPU.Deploy.0 = Debug|Any CPU
		{5EABB6E4-A856-458F-80CA-FFFFC214A148}.Debug|iPhone.ActiveCfg = Debug|Any CPU
		{5EABB6E4-A856-458F-80CA-FFFFC214A148}.Debug|iPhone.Build.0 = Debug|Any CPU
		{5EABB6E4-A856-458F-80CA-FFFFC214A148}.Debug|iPhone.Deploy.0 = Debug|Any CPU
		{5EABB6E4-A856-458F-80CA-FFFFC214A148}.Debug|iPhoneSimulator.ActiveCfg = Debug|Any CPU
		{5EABB6E4-A856-458F-80CA-FFFFC214A148}.Debug|iPhoneSimulator.Build.0 = Debug|Any CPU
		{5EABB6E4-A856-458F-80CA-FFFFC214A148}.Debug|iPhoneSimulator.Deploy.0 = Debug|Any CPU
		{5EABB6E4-A856-458F-80CA-FFFFC214A148}.Release|Any CPU.ActiveCfg = Release|Any CPU
		{5EABB6E4-A856-458F-80CA-FFFFC214A148}.Release|Any CPU.Build.0 = Release|Any CPU
		{5EABB6E4-A856-458F-80CA-FFFFC214A148}.Release|Any CPU.Deploy.0 = Release|Any CPU
		{5EABB6E4-A856-458F-80CA-FFFFC214A148}.Release|iPhone.ActiveCfg = Release|Any CPU
		{5EABB6E4-A856-458F-80CA-FFFFC214A148}.Release|iPhone.Build.0 = Release|Any CPU
		{5EABB6E4-A856-458F-80CA-FFFFC214A148}.Release|iPhone.Deploy.0 = Release|Any CPU
		{5EABB6E4-A856-458F-80CA-FFFFC214A148}.Release|iPhoneSimulator.ActiveCfg = Release|Any CPU
		{5EABB6E4-A856-458F-80CA-FFFFC214A148}.Release|iPhoneSimulator.Build.0 = Release|Any CPU
		{5EABB6E4-A856-458F-80CA-FFFFC214A148}.Release|iPhoneSimulator.Deploy.0 = Release|Any CPU
	EndGlobalSection
	GlobalSection(SolutionProperties) = preSolution
		HideSolutionNode = FALSE
	EndGlobalSection
	GlobalSection(ExtensibilityGlobals) = postSolution
		SolutionGuid = {BCC994F6-3BA1-4678-8070-5C3A31B21268}
	EndGlobalSection
EndGlobal
